
Microsoft Visual Studio Solution File, Format Version 12.00
# Visual Studio 15
VisualStudioVersion = 15.0.27428.2037
MinimumVisualStudioVersion = 10.0.40219.1
Project("{FAE04EC0-301F-11D3-BF4B-00C04F79EFBC}") = "WinformTranslateDemo", "WinformTranslateDemo\WinformTranslateDemo.csproj", "{FF9655FA-72FB-4B65-82F4-D619097A4FF1}"
EndProject
Project("{FAE04EC0-301F-11D3-BF4B-00C04F79EFBC}") = "YouDao", "YouDao\YouDao.csproj", "{EB8B2D5A-3A42-4CC3-AD47-104A2E7302F0}"
EndProject
Project("{FAE04EC0-301F-11D3-BF4B-00C04F79EFBC}") = "Bing", "Bing\Bing.csproj", "{A9D2EC2C-3F1C-411A-8E4A-1FC8BC8CC6CB}"
EndProject
Project("{FAE04EC0-301F-11D3-BF4B-00C04F79EFBC}") = "Words", "Words\Words.csproj", "{6B692C65-5B97-4F01-ABE5-225C8BA31F44}"
EndProject
Project("{FAE04EC0-301F-11D3-BF4B-00C04F79EFBC}") = "WindowsFormsControlLibrary", "WindowsFormsControlLibrary\WindowsFormsControlLibrary.csproj", "{00E50067-AAB0-4047-BDBB-2D6E6506BD64}"
EndProject
Global
	GlobalSection(SolutionConfigurationPlatforms) = preSolution
		Debug|Any CPU = Debug|Any CPU
		Release|Any CPU = Release|Any CPU
	EndGlobalSection
	GlobalSection(ProjectConfigurationPlatforms) = postSolution
		{FF9655FA-72FB-4B65-82F4-D619097A4FF1}.Debug|Any CPU.ActiveCfg = Debug|Any CPU
		{FF9655FA-72FB-4B65-82F4-D619097A4FF1}.Debug|Any CPU.Build.0 = Debug|Any CPU
		{FF9655FA-72FB-4B65-82F4-D619097A4FF1}.Release|Any CPU.ActiveCfg = Release|Any CPU
		{FF9655FA-72FB-4B65-82F4-D619097A4FF1}.Release|Any CPU.Build.0 = Release|Any CPU
		{EB8B2D5A-3A42-4CC3-AD47-104A2E7302F0}.Debug|Any CPU.ActiveCfg = Debug|Any CPU
		{EB8B2D5A-3A42-4CC3-AD47-104A2E7302F0}.Debug|Any CPU.Build.0 = Debug|Any CPU
		{EB8B2D5A-3A42-4CC3-AD47-104A2E7302F0}.Release|Any CPU.ActiveCfg = Release|Any CPU
		{EB8B2D5A-3A42-4CC3-AD47-104A2E7302F0}.Release|Any CPU.Build.0 = Release|Any CPU
		{A9D2EC2C-3F1C-411A-8E4A-1FC8BC8CC6CB}.Debug|Any CPU.ActiveCfg = Debug|Any CPU
		{A9D2EC2C-3F1C-411A-8E4A-1FC8BC8CC6CB}.Debug|Any CPU.Build.0 = Debug|Any CPU
		{A9D2EC2C-3F1C-411A-8E4A-1FC8BC8CC6CB}.Release|Any CPU.ActiveCfg = Release|Any CPU
		{A9D2EC2C-3F1C-411A-8E4A-1FC8BC8CC6CB}.Release|Any CPU.Build.0 = Release|Any CPU
		{6B692C65-5B97-4F01-ABE5-225C8BA31F44}.Debug|Any CPU.ActiveCfg = Debug|Any CPU
		{6B692C65-5B97-4F01-ABE5-225C8BA31F44}.Debug|Any CPU.Build.0 = Debug|Any CPU
		{6B692C65-5B97-4F01-ABE5-225C8BA31F44}.Release|Any CPU.ActiveCfg = Release|Any CPU
		{6B692C65-5B97-4F01-ABE5-225C8BA31F44}.Release|Any CPU.Build.0 = Release|Any CPU
		{00E50067-AAB0-4047-BDBB-2D6E6506BD64}.Debug|Any CPU.ActiveCfg = Debug|Any CPU
		{00E50067-AAB0-4047-BDBB-2D6E6506BD64}.Debug|Any CPU.Build.0 = Debug|Any CPU
		{00E50067-AAB0-4047-BDBB-2D6E6506BD64}.Release|Any CPU.ActiveCfg = Release|Any CPU
		{00E50067-AAB0-4047-BDBB-2D6E6506BD64}.Release|Any CPU.Build.0 = Release|Any CPU
	EndGlobalSection
	GlobalSection(SolutionProperties) = preSolution
		HideSolutionNode = FALSE
	EndGlobalSection
	GlobalSection(ExtensibilityGlobals) = postSolution
		SolutionGuid = {B65F4A7B-576C-4BFC-A9B0-CCA7F87BFD00}
	EndGlobalSection
EndGlobal
