
Microsoft Visual Studio Solution File, Format Version 12.00
# Visual Studio 15
VisualStudioVersion = 15.0.27428.2037
MinimumVisualStudioVersion = 10.0.40219.1
Project("{FAE04EC0-301F-11D3-BF4B-00C04F79EFBC}") = "WinformTranslateDemo", "WinformTranslateDemo\WinformTranslateDemo.csproj", "{FF9655FA-72FB-4B65-82F4-D619097A4FF1}"
EndProject
Global
	GlobalSection(SolutionConfigurationPlatforms) = preSolution
		Debug|Any CPU = Debug|Any CPU
		Release|Any CPU = Release|Any CPU
	EndGlobalSection
	GlobalSection(ProjectConfigurationPlatforms) = postSolution
		{FF9655FA-72FB-4B65-82F4-D619097A4FF1}.Debug|Any CPU.ActiveCfg = Debug|Any CPU
		{FF9655FA-72FB-4B65-82F4-D619097A4FF1}.Debug|Any CPU.Build.0 = Debug|Any CPU
		{FF9655FA-72FB-4B65-82F4-D619097A4FF1}.Release|Any CPU.ActiveCfg = Release|Any CPU
		{FF9655FA-72FB-4B65-82F4-D619097A4FF1}.Release|Any CPU.Build.0 = Release|Any CPU
	EndGlobalSection
	GlobalSection(SolutionProperties) = preSolution
		HideSolutionNode = FALSE
	EndGlobalSection
	GlobalSection(ExtensibilityGlobals) = postSolution
		SolutionGuid = {B65F4A7B-576C-4BFC-A9B0-CCA7F87BFD00}
	EndGlobalSection
EndGlobal
